
Microsoft Visual Studio Solution File, Format Version 12.00
# Visual Studio Version 17
VisualStudioVersion = 17.1.32210.238
MinimumVisualStudioVersion = 10.0.40219.1
Project("{FAE04EC0-301F-11D3-BF4B-00C04F79EFBC}") = "AS2122_4E_INF_Prof_TestGit", "AS2122_4E_INF_Prof_TestGit\AS2122_4E_INF_Prof_TestGit.csproj", "{CF56A74C-539B-432C-AF03-427F6E95ECF6}"
EndProject
Global
	GlobalSection(SolutionConfigurationPlatforms) = preSolution
		Debug|Any CPU = Debug|Any CPU
		Release|Any CPU = Release|Any CPU
	EndGlobalSection
	GlobalSection(ProjectConfigurationPlatforms) = postSolution
		{CF56A74C-539B-432C-AF03-427F6E95ECF6}.Debug|Any CPU.ActiveCfg = Debug|Any CPU
		{CF56A74C-539B-432C-AF03-427F6E95ECF6}.Debug|Any CPU.Build.0 = Debug|Any CPU
		{CF56A74C-539B-432C-AF03-427F6E95ECF6}.Release|Any CPU.ActiveCfg = Release|Any CPU
		{CF56A74C-539B-432C-AF03-427F6E95ECF6}.Release|Any CPU.Build.0 = Release|Any CPU
	EndGlobalSection
	GlobalSection(SolutionProperties) = preSolution
		HideSolutionNode = FALSE
	EndGlobalSection
	GlobalSection(ExtensibilityGlobals) = postSolution
		SolutionGuid = {0C7C06A8-1700-4671-A0CE-FF4C72E9E517}
	EndGlobalSection
EndGlobal
